
Microsoft Visual Studio Solution File, Format Version 12.00
# Visual Studio Version 17
VisualStudioVersion = 17.3.32922.545
MinimumVisualStudioVersion = 10.0.40219.1
Project("{2150E333-8FDC-42A3-9474-1A3956D46DE8}") = "01 - Testes de Unidade", "01 - Testes de Unidade", "{0BEE68CF-F6C3-4D8B-B883-F6491974C817}"
EndProject
Project("{2150E333-8FDC-42A3-9474-1A3956D46DE8}") = "1.1 - Testes Basicos", "1.1 - Testes Basicos", "{50CBA162-DD3B-4CFE-8C20-7AA974A504DA}"
EndProject
Project("{9A19103F-16F7-4668-BE54-9A1E7A4F7556}") = "Demo", "01 - Testes de Unidade\Demo\Demo.csproj", "{120BE742-08E3-4FE6-8EB2-2A380F367B77}"
EndProject
Project("{9A19103F-16F7-4668-BE54-9A1E7A4F7556}") = "Demo.Tests", "01 - Testes de Unidade\Demo.Tests\Demo.Tests.csproj", "{2A33FEBF-4F60-41C8-BF58-636C116AD66C}"
EndProject
Project("{2150E333-8FDC-42A3-9474-1A3956D46DE8}") = "2.2 - Features", "2.2 - Features", "{0A15C51C-32C8-4926-A44D-431E9BD3432A}"
EndProject
Project("{9A19103F-16F7-4668-BE54-9A1E7A4F7556}") = "Features", "Features\Features.csproj", "{E0D4879E-ED3D-47BD-A4A1-E45D9F35B1E6}"
EndProject
Project("{9A19103F-16F7-4668-BE54-9A1E7A4F7556}") = "Features.Tests", "Feature.Tests\Features.Tests.csproj", "{586D9EFE-19F0-4A2A-B202-3E7D76832AB2}"
EndProject
Project("{2150E333-8FDC-42A3-9474-1A3956D46DE8}") = "02 - TDD", "02 - TDD", "{6CDEA9E6-AB83-4D2E-A475-38328375667F}"
EndProject
Project("{9A19103F-16F7-4668-BE54-9A1E7A4F7556}") = "NerdStore.Vendas.Application.Tests", "02 - TDD\src\NerdStore.Vendas.Application.Tests\NerdStore.Vendas.Application.Tests\NerdStore.Vendas.Application.Tests.csproj", "{8E899629-B927-4BC5-B6E9-B5339F4C4915}"
EndProject
Project("{9A19103F-16F7-4668-BE54-9A1E7A4F7556}") = "NerdStore.Vendas.Domain.Tests", "02 - TDD\src\NerdStore.Vendas.Domain.Tests\NerdStore.Vendas.Domain.Tests.csproj", "{5B75CF52-4484-4336-AA18-C66265240C38}"
EndProject
Project("{2150E333-8FDC-42A3-9474-1A3956D46DE8}") = "Tests", "Tests", "{2320087A-E499-41DF-A0BA-AACF574C30E4}"
EndProject
Project("{9A19103F-16F7-4668-BE54-9A1E7A4F7556}") = "NerdStore.Vendas.Domain", "02 - TDD\src\NerdStore.Vendas.Domain\NerdStore.Vendas.Domain.csproj", "{C8452539-FDBA-4DB4-911F-78CA54D0B639}"
EndProject
Project("{9A19103F-16F7-4668-BE54-9A1E7A4F7556}") = "NerdStore.Core", "02 - TDD\src\NerdStore.Core\NerdStore.Core.csproj", "{C4845B9C-F1DD-4E32-8557-8A05534324BB}"
EndProject
Project("{9A19103F-16F7-4668-BE54-9A1E7A4F7556}") = "NerdStore.Vendas.Application", "02 - TDD\src\NerdStore.Vendas.Application\NerdStore.Vendas.Application.csproj", "{2CAFA412-A588-46F2-8934-87B4B74EBC9A}"
EndProject
Project("{FAE04EC0-301F-11D3-BF4B-00C04F79EFBC}") = "NerdStore.Vendas.Data", "02 - TDD\src\NerdStore.Vendas.Data\NerdStore.Vendas.Data.csproj", "{F1E8BA6B-524D-4280-AD2C-DA5BFDFD9795}"
EndProject
Project("{2150E333-8FDC-42A3-9474-1A3956D46DE8}") = "03 - Testes de Integração", "03 - Testes de Integração", "{A54F6B4D-5C4E-4DED-904C-EE471B182C57}"
EndProject
Project("{FAE04EC0-301F-11D3-BF4B-00C04F79EFBC}") = "NerdStore.Catalogo.Application", "03 - Testes de Integração\src\NerdStore.Catalogo.Application\NerdStore.Catalogo.Application.csproj", "{2DDBC307-1B06-439F-A499-C3D95BC08B04}"
EndProject
Project("{2150E333-8FDC-42A3-9474-1A3956D46DE8}") = "Integration Tests", "Integration Tests", "{1C0B11BB-7F1B-43AA-9A80-72B14D3B26C4}"
EndProject
Project("{FAE04EC0-301F-11D3-BF4B-00C04F79EFBC}") = "NerdStore.Catalogo.Data", "03 - Testes de Integração\src\NerdStore.Catalogo.Data\NerdStore.Catalogo.Data.csproj", "{FB08D193-8FBB-4876-8934-DB97AB2BA138}"
EndProject
Project("{FAE04EC0-301F-11D3-BF4B-00C04F79EFBC}") = "NerdStore.Catalogo.Domain", "03 - Testes de Integração\src\NerdStore.Catalogo.Domain\NerdStore.Catalogo.Domain.csproj", "{9218EC30-1F61-430A-83BF-6A61A79D2395}"
EndProject
Project("{FAE04EC0-301F-11D3-BF4B-00C04F79EFBC}") = "NerdStore.WebApp.MVC", "03 - Testes de Integração\src\NerdStore.WebApp.MVC\NerdStore.WebApp.MVC.csproj", "{8711E923-0162-4F81-99AE-BF6BCDCA023F}"
EndProject
Global
	GlobalSection(SolutionConfigurationPlatforms) = preSolution
		Debug|Any CPU = Debug|Any CPU
		Release|Any CPU = Release|Any CPU
	EndGlobalSection
	GlobalSection(ProjectConfigurationPlatforms) = postSolution
		{120BE742-08E3-4FE6-8EB2-2A380F367B77}.Debug|Any CPU.ActiveCfg = Debug|Any CPU
		{120BE742-08E3-4FE6-8EB2-2A380F367B77}.Debug|Any CPU.Build.0 = Debug|Any CPU
		{120BE742-08E3-4FE6-8EB2-2A380F367B77}.Release|Any CPU.ActiveCfg = Release|Any CPU
		{120BE742-08E3-4FE6-8EB2-2A380F367B77}.Release|Any CPU.Build.0 = Release|Any CPU
		{2A33FEBF-4F60-41C8-BF58-636C116AD66C}.Debug|Any CPU.ActiveCfg = Debug|Any CPU
		{2A33FEBF-4F60-41C8-BF58-636C116AD66C}.Debug|Any CPU.Build.0 = Debug|Any CPU
		{2A33FEBF-4F60-41C8-BF58-636C116AD66C}.Release|Any CPU.ActiveCfg = Release|Any CPU
		{2A33FEBF-4F60-41C8-BF58-636C116AD66C}.Release|Any CPU.Build.0 = Release|Any CPU
		{E0D4879E-ED3D-47BD-A4A1-E45D9F35B1E6}.Debug|Any CPU.ActiveCfg = Debug|Any CPU
		{E0D4879E-ED3D-47BD-A4A1-E45D9F35B1E6}.Debug|Any CPU.Build.0 = Debug|Any CPU
		{E0D4879E-ED3D-47BD-A4A1-E45D9F35B1E6}.Release|Any CPU.ActiveCfg = Release|Any CPU
		{E0D4879E-ED3D-47BD-A4A1-E45D9F35B1E6}.Release|Any CPU.Build.0 = Release|Any CPU
		{586D9EFE-19F0-4A2A-B202-3E7D76832AB2}.Debug|Any CPU.ActiveCfg = Debug|Any CPU
		{586D9EFE-19F0-4A2A-B202-3E7D76832AB2}.Debug|Any CPU.Build.0 = Debug|Any CPU
		{586D9EFE-19F0-4A2A-B202-3E7D76832AB2}.Release|Any CPU.ActiveCfg = Release|Any CPU
		{586D9EFE-19F0-4A2A-B202-3E7D76832AB2}.Release|Any CPU.Build.0 = Release|Any CPU
		{8E899629-B927-4BC5-B6E9-B5339F4C4915}.Debug|Any CPU.ActiveCfg = Debug|Any CPU
		{8E899629-B927-4BC5-B6E9-B5339F4C4915}.Debug|Any CPU.Build.0 = Debug|Any CPU
		{8E899629-B927-4BC5-B6E9-B5339F4C4915}.Release|Any CPU.ActiveCfg = Release|Any CPU
		{8E899629-B927-4BC5-B6E9-B5339F4C4915}.Release|Any CPU.Build.0 = Release|Any CPU
		{5B75CF52-4484-4336-AA18-C66265240C38}.Debug|Any CPU.ActiveCfg = Debug|Any CPU
		{5B75CF52-4484-4336-AA18-C66265240C38}.Debug|Any CPU.Build.0 = Debug|Any CPU
		{5B75CF52-4484-4336-AA18-C66265240C38}.Release|Any CPU.ActiveCfg = Release|Any CPU
		{5B75CF52-4484-4336-AA18-C66265240C38}.Release|Any CPU.Build.0 = Release|Any CPU
		{C8452539-FDBA-4DB4-911F-78CA54D0B639}.Debug|Any CPU.ActiveCfg = Debug|Any CPU
		{C8452539-FDBA-4DB4-911F-78CA54D0B639}.Debug|Any CPU.Build.0 = Debug|Any CPU
		{C8452539-FDBA-4DB4-911F-78CA54D0B639}.Release|Any CPU.ActiveCfg = Release|Any CPU
		{C8452539-FDBA-4DB4-911F-78CA54D0B639}.Release|Any CPU.Build.0 = Release|Any CPU
		{C4845B9C-F1DD-4E32-8557-8A05534324BB}.Debug|Any CPU.ActiveCfg = Debug|Any CPU
		{C4845B9C-F1DD-4E32-8557-8A05534324BB}.Debug|Any CPU.Build.0 = Debug|Any CPU
		{C4845B9C-F1DD-4E32-8557-8A05534324BB}.Release|Any CPU.ActiveCfg = Release|Any CPU
		{C4845B9C-F1DD-4E32-8557-8A05534324BB}.Release|Any CPU.Build.0 = Release|Any CPU
		{2CAFA412-A588-46F2-8934-87B4B74EBC9A}.Debug|Any CPU.ActiveCfg = Debug|Any CPU
		{2CAFA412-A588-46F2-8934-87B4B74EBC9A}.Debug|Any CPU.Build.0 = Debug|Any CPU
		{2CAFA412-A588-46F2-8934-87B4B74EBC9A}.Release|Any CPU.ActiveCfg = Release|Any CPU
		{2CAFA412-A588-46F2-8934-87B4B74EBC9A}.Release|Any CPU.Build.0 = Release|Any CPU
		{F1E8BA6B-524D-4280-AD2C-DA5BFDFD9795}.Debug|Any CPU.ActiveCfg = Debug|Any CPU
		{F1E8BA6B-524D-4280-AD2C-DA5BFDFD9795}.Debug|Any CPU.Build.0 = Debug|Any CPU
		{F1E8BA6B-524D-4280-AD2C-DA5BFDFD9795}.Release|Any CPU.ActiveCfg = Release|Any CPU
		{F1E8BA6B-524D-4280-AD2C-DA5BFDFD9795}.Release|Any CPU.Build.0 = Release|Any CPU
		{2DDBC307-1B06-439F-A499-C3D95BC08B04}.Debug|Any CPU.ActiveCfg = Debug|Any CPU
		{2DDBC307-1B06-439F-A499-C3D95BC08B04}.Debug|Any CPU.Build.0 = Debug|Any CPU
		{2DDBC307-1B06-439F-A499-C3D95BC08B04}.Release|Any CPU.ActiveCfg = Release|Any CPU
		{2DDBC307-1B06-439F-A499-C3D95BC08B04}.Release|Any CPU.Build.0 = Release|Any CPU
		{FB08D193-8FBB-4876-8934-DB97AB2BA138}.Debug|Any CPU.ActiveCfg = Debug|Any CPU
		{FB08D193-8FBB-4876-8934-DB97AB2BA138}.Debug|Any CPU.Build.0 = Debug|Any CPU
		{FB08D193-8FBB-4876-8934-DB97AB2BA138}.Release|Any CPU.ActiveCfg = Release|Any CPU
		{FB08D193-8FBB-4876-8934-DB97AB2BA138}.Release|Any CPU.Build.0 = Release|Any CPU
		{9218EC30-1F61-430A-83BF-6A61A79D2395}.Debug|Any CPU.ActiveCfg = Debug|Any CPU
		{9218EC30-1F61-430A-83BF-6A61A79D2395}.Debug|Any CPU.Build.0 = Debug|Any CPU
		{9218EC30-1F61-430A-83BF-6A61A79D2395}.Release|Any CPU.ActiveCfg = Release|Any CPU
		{9218EC30-1F61-430A-83BF-6A61A79D2395}.Release|Any CPU.Build.0 = Release|Any CPU
		{8711E923-0162-4F81-99AE-BF6BCDCA023F}.Debug|Any CPU.ActiveCfg = Debug|Any CPU
		{8711E923-0162-4F81-99AE-BF6BCDCA023F}.Debug|Any CPU.Build.0 = Debug|Any CPU
		{8711E923-0162-4F81-99AE-BF6BCDCA023F}.Release|Any CPU.ActiveCfg = Release|Any CPU
		{8711E923-0162-4F81-99AE-BF6BCDCA023F}.Release|Any CPU.Build.0 = Release|Any CPU
	EndGlobalSection
	GlobalSection(SolutionProperties) = preSolution
		HideSolutionNode = FALSE
	EndGlobalSection
	GlobalSection(NestedProjects) = preSolution
		{50CBA162-DD3B-4CFE-8C20-7AA974A504DA} = {0BEE68CF-F6C3-4D8B-B883-F6491974C817}
		{120BE742-08E3-4FE6-8EB2-2A380F367B77} = {50CBA162-DD3B-4CFE-8C20-7AA974A504DA}
		{2A33FEBF-4F60-41C8-BF58-636C116AD66C} = {50CBA162-DD3B-4CFE-8C20-7AA974A504DA}
		{0A15C51C-32C8-4926-A44D-431E9BD3432A} = {0BEE68CF-F6C3-4D8B-B883-F6491974C817}
		{E0D4879E-ED3D-47BD-A4A1-E45D9F35B1E6} = {0A15C51C-32C8-4926-A44D-431E9BD3432A}
		{586D9EFE-19F0-4A2A-B202-3E7D76832AB2} = {0A15C51C-32C8-4926-A44D-431E9BD3432A}
		{8E899629-B927-4BC5-B6E9-B5339F4C4915} = {2320087A-E499-41DF-A0BA-AACF574C30E4}
		{5B75CF52-4484-4336-AA18-C66265240C38} = {2320087A-E499-41DF-A0BA-AACF574C30E4}
		{2320087A-E499-41DF-A0BA-AACF574C30E4} = {6CDEA9E6-AB83-4D2E-A475-38328375667F}
		{C8452539-FDBA-4DB4-911F-78CA54D0B639} = {6CDEA9E6-AB83-4D2E-A475-38328375667F}
		{C4845B9C-F1DD-4E32-8557-8A05534324BB} = {6CDEA9E6-AB83-4D2E-A475-38328375667F}
		{2CAFA412-A588-46F2-8934-87B4B74EBC9A} = {6CDEA9E6-AB83-4D2E-A475-38328375667F}
		{F1E8BA6B-524D-4280-AD2C-DA5BFDFD9795} = {6CDEA9E6-AB83-4D2E-A475-38328375667F}
		{2DDBC307-1B06-439F-A499-C3D95BC08B04} = {A54F6B4D-5C4E-4DED-904C-EE471B182C57}
		{1C0B11BB-7F1B-43AA-9A80-72B14D3B26C4} = {A54F6B4D-5C4E-4DED-904C-EE471B182C57}
		{FB08D193-8FBB-4876-8934-DB97AB2BA138} = {A54F6B4D-5C4E-4DED-904C-EE471B182C57}
		{9218EC30-1F61-430A-83BF-6A61A79D2395} = {A54F6B4D-5C4E-4DED-904C-EE471B182C57}
		{8711E923-0162-4F81-99AE-BF6BCDCA023F} = {A54F6B4D-5C4E-4DED-904C-EE471B182C57}
	EndGlobalSection
	GlobalSection(ExtensibilityGlobals) = postSolution
		SolutionGuid = {C9B94F1B-A049-4D2F-ACC1-27B306AF8E23}
	EndGlobalSection
EndGlobal
